
Microsoft Visual Studio Solution File, Format Version 12.00
# Visual Studio Version 17
VisualStudioVersion = 17.0.31903.59
MinimumVisualStudioVersion = 10.0.40219.1
Project("{FAE04EC0-301F-11D3-BF4B-00C04F79EFBC}") = "AccountService", "AccountService\AccountService.csproj", "{42ABA3FE-D759-4124-A24F-4001CB39F7B3}"
EndProject
Project("{FAE04EC0-301F-11D3-BF4B-00C04F79EFBC}") = "LoginServices", "LoginServices\LoginServices.csproj", "{61255210-871A-4434-9778-9737C62A3E64}"
EndProject
Project("{FAE04EC0-301F-11D3-BF4B-00C04F79EFBC}") = "HeartBeatService", "HeartBeatService\HeartBeatService.csproj", "{5BFBA316-9FEB-4C49-8FC5-8D405505EA66}"
EndProject
Project("{FAE04EC0-301F-11D3-BF4B-00C04F79EFBC}") = "HubService", "HubService\HubService.csproj", "{B1040E54-9097-4987-86E5-5159C9F96805}"
EndProject
Project("{FAE04EC0-301F-11D3-BF4B-00C04F79EFBC}") = "WeatherService", "WeatherService\WeatherService.csproj", "{34126F38-037B-4964-96D2-057C61280225}"
EndProject
Project("{FAE04EC0-301F-11D3-BF4B-00C04F79EFBC}") = "ProfileService", "ProfileService\ProfileService.csproj", "{12569577-B17B-4ABD-A000-137E750EF921}"
EndProject
Global
	GlobalSection(SolutionConfigurationPlatforms) = preSolution
		Debug|Any CPU = Debug|Any CPU
		Debug|x64 = Debug|x64
		Debug|x86 = Debug|x86
		Release|Any CPU = Release|Any CPU
		Release|x64 = Release|x64
		Release|x86 = Release|x86
	EndGlobalSection
	GlobalSection(ProjectConfigurationPlatforms) = postSolution
		{42ABA3FE-D759-4124-A24F-4001CB39F7B3}.Debug|Any CPU.ActiveCfg = Debug|Any CPU
		{42ABA3FE-D759-4124-A24F-4001CB39F7B3}.Debug|Any CPU.Build.0 = Debug|Any CPU
		{42ABA3FE-D759-4124-A24F-4001CB39F7B3}.Debug|x64.ActiveCfg = Debug|Any CPU
		{42ABA3FE-D759-4124-A24F-4001CB39F7B3}.Debug|x64.Build.0 = Debug|Any CPU
		{42ABA3FE-D759-4124-A24F-4001CB39F7B3}.Debug|x86.ActiveCfg = Debug|Any CPU
		{42ABA3FE-D759-4124-A24F-4001CB39F7B3}.Debug|x86.Build.0 = Debug|Any CPU
		{42ABA3FE-D759-4124-A24F-4001CB39F7B3}.Release|Any CPU.ActiveCfg = Release|Any CPU
		{42ABA3FE-D759-4124-A24F-4001CB39F7B3}.Release|Any CPU.Build.0 = Release|Any CPU
		{42ABA3FE-D759-4124-A24F-4001CB39F7B3}.Release|x64.ActiveCfg = Release|Any CPU
		{42ABA3FE-D759-4124-A24F-4001CB39F7B3}.Release|x64.Build.0 = Release|Any CPU
		{42ABA3FE-D759-4124-A24F-4001CB39F7B3}.Release|x86.ActiveCfg = Release|Any CPU
		{42ABA3FE-D759-4124-A24F-4001CB39F7B3}.Release|x86.Build.0 = Release|Any CPU
		{61255210-871A-4434-9778-9737C62A3E64}.Debug|Any CPU.ActiveCfg = Debug|Any CPU
		{61255210-871A-4434-9778-9737C62A3E64}.Debug|Any CPU.Build.0 = Debug|Any CPU
		{61255210-871A-4434-9778-9737C62A3E64}.Debug|x64.ActiveCfg = Debug|Any CPU
		{61255210-871A-4434-9778-9737C62A3E64}.Debug|x64.Build.0 = Debug|Any CPU
		{61255210-871A-4434-9778-9737C62A3E64}.Debug|x86.ActiveCfg = Debug|Any CPU
		{61255210-871A-4434-9778-9737C62A3E64}.Debug|x86.Build.0 = Debug|Any CPU
		{61255210-871A-4434-9778-9737C62A3E64}.Release|Any CPU.ActiveCfg = Release|Any CPU
		{61255210-871A-4434-9778-9737C62A3E64}.Release|Any CPU.Build.0 = Release|Any CPU
		{61255210-871A-4434-9778-9737C62A3E64}.Release|x64.ActiveCfg = Release|Any CPU
		{61255210-871A-4434-9778-9737C62A3E64}.Release|x64.Build.0 = Release|Any CPU
		{61255210-871A-4434-9778-9737C62A3E64}.Release|x86.ActiveCfg = Release|Any CPU
		{61255210-871A-4434-9778-9737C62A3E64}.Release|x86.Build.0 = Release|Any CPU
		{5BFBA316-9FEB-4C49-8FC5-8D405505EA66}.Debug|Any CPU.ActiveCfg = Debug|Any CPU
		{5BFBA316-9FEB-4C49-8FC5-8D405505EA66}.Debug|Any CPU.Build.0 = Debug|Any CPU
		{5BFBA316-9FEB-4C49-8FC5-8D405505EA66}.Debug|x64.ActiveCfg = Debug|Any CPU
		{5BFBA316-9FEB-4C49-8FC5-8D405505EA66}.Debug|x64.Build.0 = Debug|Any CPU
		{5BFBA316-9FEB-4C49-8FC5-8D405505EA66}.Debug|x86.ActiveCfg = Debug|Any CPU
		{5BFBA316-9FEB-4C49-8FC5-8D405505EA66}.Debug|x86.Build.0 = Debug|Any CPU
		{5BFBA316-9FEB-4C49-8FC5-8D405505EA66}.Release|Any CPU.ActiveCfg = Release|Any CPU
		{5BFBA316-9FEB-4C49-8FC5-8D405505EA66}.Release|Any CPU.Build.0 = Release|Any CPU
		{5BFBA316-9FEB-4C49-8FC5-8D405505EA66}.Release|x64.ActiveCfg = Release|Any CPU
		{5BFBA316-9FEB-4C49-8FC5-8D405505EA66}.Release|x64.Build.0 = Release|Any CPU
		{5BFBA316-9FEB-4C49-8FC5-8D405505EA66}.Release|x86.ActiveCfg = Release|Any CPU
		{5BFBA316-9FEB-4C49-8FC5-8D405505EA66}.Release|x86.Build.0 = Release|Any CPU
		{B1040E54-9097-4987-86E5-5159C9F96805}.Debug|Any CPU.ActiveCfg = Debug|Any CPU
		{B1040E54-9097-4987-86E5-5159C9F96805}.Debug|Any CPU.Build.0 = Debug|Any CPU
		{B1040E54-9097-4987-86E5-5159C9F96805}.Debug|x64.ActiveCfg = Debug|Any CPU
		{B1040E54-9097-4987-86E5-5159C9F96805}.Debug|x64.Build.0 = Debug|Any CPU
		{B1040E54-9097-4987-86E5-5159C9F96805}.Debug|x86.ActiveCfg = Debug|Any CPU
		{B1040E54-9097-4987-86E5-5159C9F96805}.Debug|x86.Build.0 = Debug|Any CPU
		{B1040E54-9097-4987-86E5-5159C9F96805}.Release|Any CPU.ActiveCfg = Release|Any CPU
		{B1040E54-9097-4987-86E5-5159C9F96805}.Release|Any CPU.Build.0 = Release|Any CPU
		{B1040E54-9097-4987-86E5-5159C9F96805}.Release|x64.ActiveCfg = Release|Any CPU
		{B1040E54-9097-4987-86E5-5159C9F96805}.Release|x64.Build.0 = Release|Any CPU
		{B1040E54-9097-4987-86E5-5159C9F96805}.Release|x86.ActiveCfg = Release|Any CPU
		{B1040E54-9097-4987-86E5-5159C9F96805}.Release|x86.Build.0 = Release|Any CPU
		{34126F38-037B-4964-96D2-057C61280225}.Debug|Any CPU.ActiveCfg = Debug|Any CPU
		{34126F38-037B-4964-96D2-057C61280225}.Debug|Any CPU.Build.0 = Debug|Any CPU
		{34126F38-037B-4964-96D2-057C61280225}.Debug|x64.ActiveCfg = Debug|Any CPU
		{34126F38-037B-4964-96D2-057C61280225}.Debug|x64.Build.0 = Debug|Any CPU
		{34126F38-037B-4964-96D2-057C61280225}.Debug|x86.ActiveCfg = Debug|Any CPU
		{34126F38-037B-4964-96D2-057C61280225}.Debug|x86.Build.0 = Debug|Any CPU
		{34126F38-037B-4964-96D2-057C61280225}.Release|Any CPU.ActiveCfg = Release|Any CPU
		{34126F38-037B-4964-96D2-057C61280225}.Release|Any CPU.Build.0 = Release|Any CPU
		{34126F38-037B-4964-96D2-057C61280225}.Release|x64.ActiveCfg = Release|Any CPU
		{34126F38-037B-4964-96D2-057C61280225}.Release|x64.Build.0 = Release|Any CPU
		{34126F38-037B-4964-96D2-057C61280225}.Release|x86.ActiveCfg = Release|Any CPU
		{34126F38-037B-4964-96D2-057C61280225}.Release|x86.Build.0 = Release|Any CPU
		{12569577-B17B-4ABD-A000-137E750EF921}.Debug|Any CPU.ActiveCfg = Debug|Any CPU
		{12569577-B17B-4ABD-A000-137E750EF921}.Debug|Any CPU.Build.0 = Debug|Any CPU
		{12569577-B17B-4ABD-A000-137E750EF921}.Debug|x64.ActiveCfg = Debug|Any CPU
		{12569577-B17B-4ABD-A000-137E750EF921}.Debug|x64.Build.0 = Debug|Any CPU
		{12569577-B17B-4ABD-A000-137E750EF921}.Debug|x86.ActiveCfg = Debug|Any CPU
		{12569577-B17B-4ABD-A000-137E750EF921}.Debug|x86.Build.0 = Debug|Any CPU
		{12569577-B17B-4ABD-A000-137E750EF921}.Release|Any CPU.ActiveCfg = Release|Any CPU
		{12569577-B17B-4ABD-A000-137E750EF921}.Release|Any CPU.Build.0 = Release|Any CPU
		{12569577-B17B-4ABD-A000-137E750EF921}.Release|x64.ActiveCfg = Release|Any CPU
		{12569577-B17B-4ABD-A000-137E750EF921}.Release|x64.Build.0 = Release|Any CPU
		{12569577-B17B-4ABD-A000-137E750EF921}.Release|x86.ActiveCfg = Release|Any CPU
		{12569577-B17B-4ABD-A000-137E750EF921}.Release|x86.Build.0 = Release|Any CPU
	EndGlobalSection
	GlobalSection(SolutionProperties) = preSolution
		HideSolutionNode = FALSE
	EndGlobalSection
EndGlobal
